
Microsoft Visual Studio Solution File, Format Version 11.00
# Visual Studio 2010
Project("{FAE04EC0-301F-11D3-BF4B-00C04F79EFBC}") = "Confuser.Core", "Confuser.Core\Confuser.Core.csproj", "{BEB67A6E-4C54-4DE5-8C6B-2C12F44A7B92}"
EndProject
Project("{FAE04EC0-301F-11D3-BF4B-00C04F79EFBC}") = "dnlib", "dnlib\src\dnlib.csproj", "{FDFC1237-143F-4919-8318-4926901F4639}"
EndProject
Project("{FAE04EC0-301F-11D3-BF4B-00C04F79EFBC}") = "Confuser.Protections", "Confuser.Protections\Confuser.Protections.csproj", "{3EAB01B5-9B49-48D8-BFA1-5493B26CCB71}"
EndProject
Project("{2150E333-8FDC-42A3-9474-1A3956D46DE8}") = ".nuget", ".nuget", "{2C631F61-84D5-4E49-8CD7-0876A07A3B21}"
	ProjectSection(SolutionItems) = preProject
		.nuget\NuGet.Config = .nuget\NuGet.Config
		.nuget\NuGet.targets = .nuget\NuGet.targets
	EndProjectSection
EndProject
Project("{FAE04EC0-301F-11D3-BF4B-00C04F79EFBC}") = "Confuser.CLI", "Confuser.CLI\Confuser.CLI.csproj", "{CE61ADEE-C032-43EC-ACD8-E4A742F894A3}"
EndProject
Project("{FAE04EC0-301F-11D3-BF4B-00C04F79EFBC}") = "Confuser.Renamer", "Confuser.Renamer\Confuser.Renamer.csproj", "{862DA0DA-52E1-47CD-B9C2-46B106031B28}"
EndProject
Project("{FAE04EC0-301F-11D3-BF4B-00C04F79EFBC}") = "Confuser.DynCipher", "Confuser.DynCipher\Confuser.DynCipher.csproj", "{E832E9B8-2158-4FC0-89A1-56C6ECC10F6B}"
EndProject
Project("{FAE04EC0-301F-11D3-BF4B-00C04F79EFBC}") = "Confuser.Runtime", "Confuser.Runtime\Confuser.Runtime.csproj", "{A45C184F-F98F-4258-A928-BFF437034791}"
	ProjectSection(ProjectDependencies) = postProject
		{BEB67A6E-4C54-4DE5-8C6B-2C12F44A7B92} = {BEB67A6E-4C54-4DE5-8C6B-2C12F44A7B92}
	EndProjectSection
EndProject
Project("{FAE04EC0-301F-11D3-BF4B-00C04F79EFBC}") = "ConfuserEx", "ConfuserEx\ConfuserEx.csproj", "{B5205EBA-EC32-4C53-86A0-FAEEE7393EC0}"
EndProject
Global
	GlobalSection(SolutionConfigurationPlatforms) = preSolution
		Debug|Any CPU = Debug|Any CPU
		Release|Any CPU = Release|Any CPU
	EndGlobalSection
	GlobalSection(ProjectConfigurationPlatforms) = postSolution
		{BEB67A6E-4C54-4DE5-8C6B-2C12F44A7B92}.Debug|Any CPU.ActiveCfg = Debug|Any CPU
		{BEB67A6E-4C54-4DE5-8C6B-2C12F44A7B92}.Debug|Any CPU.Build.0 = Debug|Any CPU
		{BEB67A6E-4C54-4DE5-8C6B-2C12F44A7B92}.Release|Any CPU.ActiveCfg = Release|Any CPU
		{BEB67A6E-4C54-4DE5-8C6B-2C12F44A7B92}.Release|Any CPU.Build.0 = Release|Any CPU
		{FDFC1237-143F-4919-8318-4926901F4639}.Debug|Any CPU.ActiveCfg = Debug|Any CPU
		{FDFC1237-143F-4919-8318-4926901F4639}.Debug|Any CPU.Build.0 = Debug|Any CPU
		{FDFC1237-143F-4919-8318-4926901F4639}.Release|Any CPU.ActiveCfg = Release|Any CPU
		{FDFC1237-143F-4919-8318-4926901F4639}.Release|Any CPU.Build.0 = Release|Any CPU
		{3EAB01B5-9B49-48D8-BFA1-5493B26CCB71}.Debug|Any CPU.ActiveCfg = Debug|Any CPU
		{3EAB01B5-9B49-48D8-BFA1-5493B26CCB71}.Debug|Any CPU.Build.0 = Debug|Any CPU
		{3EAB01B5-9B49-48D8-BFA1-5493B26CCB71}.Release|Any CPU.ActiveCfg = Release|Any CPU
		{3EAB01B5-9B49-48D8-BFA1-5493B26CCB71}.Release|Any CPU.Build.0 = Release|Any CPU
		{CE61ADEE-C032-43EC-ACD8-E4A742F894A3}.Debug|Any CPU.ActiveCfg = Debug|Any CPU
		{CE61ADEE-C032-43EC-ACD8-E4A742F894A3}.Debug|Any CPU.Build.0 = Debug|Any CPU
		{CE61ADEE-C032-43EC-ACD8-E4A742F894A3}.Release|Any CPU.ActiveCfg = Release|Any CPU
		{CE61ADEE-C032-43EC-ACD8-E4A742F894A3}.Release|Any CPU.Build.0 = Release|Any CPU
		{862DA0DA-52E1-47CD-B9C2-46B106031B28}.Debug|Any CPU.ActiveCfg = Debug|Any CPU
		{862DA0DA-52E1-47CD-B9C2-46B106031B28}.Debug|Any CPU.Build.0 = Debug|Any CPU
		{862DA0DA-52E1-47CD-B9C2-46B106031B28}.Release|Any CPU.ActiveCfg = Release|Any CPU
		{862DA0DA-52E1-47CD-B9C2-46B106031B28}.Release|Any CPU.Build.0 = Release|Any CPU
		{E832E9B8-2158-4FC0-89A1-56C6ECC10F6B}.Debug|Any CPU.ActiveCfg = Debug|Any CPU
		{E832E9B8-2158-4FC0-89A1-56C6ECC10F6B}.Debug|Any CPU.Build.0 = Debug|Any CPU
		{E832E9B8-2158-4FC0-89A1-56C6ECC10F6B}.Release|Any CPU.ActiveCfg = Release|Any CPU
		{E832E9B8-2158-4FC0-89A1-56C6ECC10F6B}.Release|Any CPU.Build.0 = Release|Any CPU
		{A45C184F-F98F-4258-A928-BFF437034791}.Debug|Any CPU.ActiveCfg = Release|Any CPU
		{A45C184F-F98F-4258-A928-BFF437034791}.Debug|Any CPU.Build.0 = Release|Any CPU
		{A45C184F-F98F-4258-A928-BFF437034791}.Release|Any CPU.ActiveCfg = Release|Any CPU
		{A45C184F-F98F-4258-A928-BFF437034791}.Release|Any CPU.Build.0 = Release|Any CPU
		{B5205EBA-EC32-4C53-86A0-FAEEE7393EC0}.Debug|Any CPU.ActiveCfg = Debug|Any CPU
		{B5205EBA-EC32-4C53-86A0-FAEEE7393EC0}.Debug|Any CPU.Build.0 = Debug|Any CPU
		{B5205EBA-EC32-4C53-86A0-FAEEE7393EC0}.Release|Any CPU.ActiveCfg = Release|Any CPU
		{B5205EBA-EC32-4C53-86A0-FAEEE7393EC0}.Release|Any CPU.Build.0 = Release|Any CPU
	EndGlobalSection
	GlobalSection(SolutionProperties) = preSolution
		HideSolutionNode = FALSE
	EndGlobalSection
EndGlobal
